{
  "version": 4,
  "terraform_version": "1.5.6",
  "serial": 8,
  "lineage": "35060cde-852d-1992-8d7d-493b2523f273",
  "outputs": {},
  "resources": [
    {
      "module": "module.resource_gruop",
      "mode": "managed",
      "type": "azurerm_resource_group",
      "name": "RG",
      "provider": "provider[\"registry.terraform.io/hashicorp/azurerm\"]",
      "instances": [
        {
          "index_key": "ANSH_RG",
          "schema_version": 0,
          "attributes": {
            "id": "/subscriptions/420b51c4-4225-47e4-8bd1-75ff7c5a9410/resourceGroups/ANSH_RG",
            "location": "centralindia",
            "managed_by": "",
            "name": "ANSH_RG",
            "tags": {},
            "timeouts": null
          },
          "sensitive_attributes": [],
          "private": "eyJlMmJmYjczMC1lY2FhLTExZTYtOGY4OC0zNDM2M2JjN2M0YzAiOnsiY3JlYXRlIjo1NDAwMDAwMDAwMDAwLCJkZWxldGUiOjU0MDAwMDAwMDAwMDAsInJlYWQiOjMwMDAwMDAwMDAwMCwidXBkYXRlIjo1NDAwMDAwMDAwMDAwfX0="
        }
      ]
    },
    {
      "module": "module.virtual_network",
      "mode": "managed",
      "type": "azurerm_virtual_network",
      "name": "vnet",
      "provider": "provider[\"registry.terraform.io/hashicorp/azurerm\"]",
      "instances": [
        {
          "index_key": "ANSH_VNET",
          "schema_version": 0,
          "attributes": {
            "address_space": [
              "10.0.0.0/16"
            ],
            "bgp_community": "",
            "ddos_protection_plan": [],
            "dns_servers": [],
            "edge_zone": "",
            "encryption": [],
            "flow_timeout_in_minutes": 0,
            "guid": "cfe8d01e-5208-4fc7-886e-df5186a1cdb1",
            "id": "/subscriptions/420b51c4-4225-47e4-8bd1-75ff7c5a9410/resourceGroups/ANSH_RG/providers/Microsoft.Network/virtualNetworks/ANSH_VNET",
            "location": "centralindia",
            "name": "ANSH_VNET",
            "resource_group_name": "ANSH_RG",
            "subnet": [],
            "tags": null,
            "timeouts": null
          },
          "sensitive_attributes": [],
          "private": "eyJlMmJmYjczMC1lY2FhLTExZTYtOGY4OC0zNDM2M2JjN2M0YzAiOnsiY3JlYXRlIjoxODAwMDAwMDAwMDAwLCJkZWxldGUiOjE4MDAwMDAwMDAwMDAsInJlYWQiOjMwMDAwMDAwMDAwMCwidXBkYXRlIjoxODAwMDAwMDAwMDAwfX0=",
          "dependencies": [
            "module.resource_gruop.azurerm_resource_group.RG"
          ]
        }
      ]
    }
  ],
  "check_results": null
}
