{
  "version": 4,
  "terraform_version": "1.5.6",
  "serial": 3,
  "lineage": "306e87b7-d355-98d2-691b-bdca25563523",
  "outputs": {},
  "resources": [
    {
      "mode": "managed",
      "type": "azurerm_resource_group",
      "name": "RG",
      "provider": "provider[\"registry.terraform.io/hashicorp/azurerm\"]",
      "instances": [
        {
          "index_key": "ANSH_RG",
          "schema_version": 0,
          "attributes": {
            "id": "/subscriptions/420b51c4-4225-47e4-8bd1-75ff7c5a9410/resourceGroups/ANSH_RG",
            "location": "centralindia",
            "managed_by": "",
            "name": "ANSH_RG",
            "tags": null,
            "timeouts": null
          },
          "sensitive_attributes": [],
          "private": "eyJlMmJmYjczMC1lY2FhLTExZTYtOGY4OC0zNDM2M2JjN2M0YzAiOnsiY3JlYXRlIjo1NDAwMDAwMDAwMDAwLCJkZWxldGUiOjU0MDAwMDAwMDAwMDAsInJlYWQiOjMwMDAwMDAwMDAwMCwidXBkYXRlIjo1NDAwMDAwMDAwMDAwfX0="
        },
        {
          "index_key": "ANSH_RG1",
          "schema_version": 0,
          "attributes": {
            "id": "/subscriptions/420b51c4-4225-47e4-8bd1-75ff7c5a9410/resourceGroups/ANSH_RG1",
            "location": "eastus",
            "managed_by": "",
            "name": "ANSH_RG1",
            "tags": null,
            "timeouts": null
          },
          "sensitive_attributes": [],
          "private": "eyJlMmJmYjczMC1lY2FhLTExZTYtOGY4OC0zNDM2M2JjN2M0YzAiOnsiY3JlYXRlIjo1NDAwMDAwMDAwMDAwLCJkZWxldGUiOjU0MDAwMDAwMDAwMDAsInJlYWQiOjMwMDAwMDAwMDAwMCwidXBkYXRlIjo1NDAwMDAwMDAwMDAwfX0="
        }
      ]
    }
  ],
  "check_results": null
}
